{
  "name": "hlcc",
  "version": "1.0.0",
  "lockfileVersion": 2,
  "requires": true,
  "packages": {
    "": {
      "version": "1.0.0",
      "license": "BSD-3-Clause",
      "dependencies": {
        "@swc/core": "^1.2.135"
      },
      "devDependencies": {
        "typescript": "^4.5.5"
      }
    },
    "node_modules/@swc/core": {
      "version": "1.2.135",
      "resolved": "https://registry.npmjs.org/@swc/core/-/core-1.2.135.tgz",
      "integrity": "sha512-YaltU0YygEo+pmy28GIEuHgTIKP5mzUXbgathdU2AoKytM+rNTP6QtJLewUgK86CZuu1nDpH42srhgXWIUWz2g==",
      "engines": {
        "node": ">=10"
      },
      "funding": {
        "type": "opencollective",
        "url": "https://opencollective.com/swc"
      },
      "optionalDependencies": {
        "@swc/core-android-arm-eabi": "1.2.135",
        "@swc/core-android-arm64": "1.2.135",
        "@swc/core-darwin-arm64": "1.2.135",
        "@swc/core-darwin-x64": "1.2.135",
        "@swc/core-freebsd-x64": "1.2.135",
        "@swc/core-linux-arm-gnueabihf": "1.2.135",
        "@swc/core-linux-arm64-gnu": "1.2.135",
        "@swc/core-linux-arm64-musl": "1.2.135",
        "@swc/core-linux-x64-gnu": "1.2.135",
        "@swc/core-linux-x64-musl": "1.2.135",
        "@swc/core-win32-arm64-msvc": "1.2.135",
        "@swc/core-win32-ia32-msvc": "1.2.135",
        "@swc/core-win32-x64-msvc": "1.2.135"
      }
    },
    "node_modules/@swc/core-android-arm-eabi": {
      "version": "1.2.135",
      "resolved": "https://registry.npmjs.org/@swc/core-android-arm-eabi/-/core-android-arm-eabi-1.2.135.tgz",
      "integrity": "sha512-Qx5PXLzedOVSWHIY88iTxEa6m5RONs7bDIF05mNH1qaXsOkBD52MZ+mFDW6uGZ2OnOuMjD2OY08877429atBgA==",
      "cpu": [
        "arm"
      ],
      "optional": true,
      "os": [
        "android"
      ],
      "engines": {
        "node": ">=10"
      }
    },
    "node_modules/@swc/core-android-arm64": {
      "version": "1.2.135",
      "resolved": "https://registry.npmjs.org/@swc/core-android-arm64/-/core-android-arm64-1.2.135.tgz",
      "integrity": "sha512-XeZN9Efr44hGPOnHnrcNvdYU0Yn1UQOgR1LReS19aFJT7vWdI6Boe900V22J2K2ccJaOYqmic9BR6kRtDO7gGg==",
      "cpu": [
        "arm64"
      ],
      "optional": true,
      "os": [
        "android"
      ],
      "engines": {
        "node": ">=10"
      }
    },
    "node_modules/@swc/core-darwin-arm64": {
      "version": "1.2.135",
      "resolved": "https://registry.npmjs.org/@swc/core-darwin-arm64/-/core-darwin-arm64-1.2.135.tgz",
      "integrity": "sha512-2DSs8IuGbu86B+ENnJVTAtn57HU4KSw9FJTGQfA+5IWBuUHJgpANcfQ3Xp19MtolfLW+Z4Xy8HCvdFljiQONRQ==",
      "cpu": [
        "arm64"
      ],
      "optional": true,
      "os": [
        "darwin"
      ],
      "engines": {
        "node": ">=10"
      }
    },
    "node_modules/@swc/core-darwin-x64": {
      "version": "1.2.135",
      "resolved": "https://registry.npmjs.org/@swc/core-darwin-x64/-/core-darwin-x64-1.2.135.tgz",
      "integrity": "sha512-nS32iLbaW7g6ILlvWCZp1pwfLSndDGragsFcuw9xo6KR58KeDNdG54GQ6CwugqWiCEgzD+ZCvYmfcTjlgGJt/Q==",
      "cpu": [
        "x64"
      ],
      "optional": true,
      "os": [
        "darwin"
      ],
      "engines": {
        "node": ">=10"
      }
    },
    "node_modules/@swc/core-freebsd-x64": {
      "version": "1.2.135",
      "resolved": "https://registry.npmjs.org/@swc/core-freebsd-x64/-/core-freebsd-x64-1.2.135.tgz",
      "integrity": "sha512-8tM7eOFsOT7bNlx1u0GoldopMVigPM9sLzKfwdRm4doDsE/DeUXumQI2mb8JTqzHpcjYxEiFBaNy8L7wf8wAEQ==",
      "cpu": [
        "x64"
      ],
      "optional": true,
      "os": [
        "freebsd"
      ],
      "engines": {
        "node": ">=10"
      }
    },
    "node_modules/@swc/core-linux-arm-gnueabihf": {
      "version": "1.2.135",
      "resolved": "https://registry.npmjs.org/@swc/core-linux-arm-gnueabihf/-/core-linux-arm-gnueabihf-1.2.135.tgz",
      "integrity": "sha512-sppILSuR/HClz9mzZuxziAH7/QSUSgM3gSxGKlXzC8AItcBZFJ/7ygqg0TjCFFcQ+n0BdNltUIMztdv+5qwRSg==",
      "cpu": [
        "arm"
      ],
      "optional": true,
      "os": [
        "linux"
      ],
      "engines": {
        "node": ">=10"
      }
    },
    "node_modules/@swc/core-linux-arm64-gnu": {
      "version": "1.2.135",
      "resolved": "https://registry.npmjs.org/@swc/core-linux-arm64-gnu/-/core-linux-arm64-gnu-1.2.135.tgz",
      "integrity": "sha512-inu6jZCHiHw+3kSvmBRGUIDLMi/XFsIyMOue3QJReOuL5BTIQJ/I1oYhLsaSGcmEZM2Mo7QJ2jDBB3SjM5YzeA==",
      "cpu": [
        "arm64"
      ],
      "optional": true,
      "os": [
        "linux"
      ],
      "engines": {
        "node": ">=10"
      }
    },
    "node_modules/@swc/core-linux-arm64-musl": {
      "version": "1.2.135",
      "resolved": "https://registry.npmjs.org/@swc/core-linux-arm64-musl/-/core-linux-arm64-musl-1.2.135.tgz",
      "integrity": "sha512-hPGetFUhez77OUgig1XmNHZbUmpKGt72u9cN0AX5NtmFdfYYu4p6l+6YB6jg6/TrPmyJlJD5vroVz8JR/pZS+w==",
      "cpu": [
        "arm64"
      ],
      "optional": true,
      "os": [
        "linux"
      ],
      "engines": {
        "node": ">=10"
      }
    },
    "node_modules/@swc/core-linux-x64-gnu": {
      "version": "1.2.135",
      "resolved": "https://registry.npmjs.org/@swc/core-linux-x64-gnu/-/core-linux-x64-gnu-1.2.135.tgz",
      "integrity": "sha512-PTEzzMWvUaXI/sInu8oPo7yYj2WPgfl4QL3wo2OEEKwE27xFjUmKv80pXGIFD9/Xn33Xz8cA0d8yGTWYD+tOIg==",
      "cpu": [
        "x64"
      ],
      "optional": true,
      "os": [
        "linux"
      ],
      "engines": {
        "node": ">=10"
      }
    },
    "node_modules/@swc/core-linux-x64-musl": {
      "version": "1.2.135",
      "resolved": "https://registry.npmjs.org/@swc/core-linux-x64-musl/-/core-linux-x64-musl-1.2.135.tgz",
      "integrity": "sha512-6zqf/1x1QYIhYFIPRRo5ArHIvWVWfH8fuRE6AwL1nQz/Y19SAJx3PXgwlAjtu4CZfciuUqY99PeFtTOu1Dnjhg==",
      "cpu": [
        "x64"
      ],
      "optional": true,
      "os": [
        "linux"
      ],
      "engines": {
        "node": ">=10"
      }
    },
    "node_modules/@swc/core-win32-arm64-msvc": {
      "version": "1.2.135",
      "resolved": "https://registry.npmjs.org/@swc/core-win32-arm64-msvc/-/core-win32-arm64-msvc-1.2.135.tgz",
      "integrity": "sha512-vEMQSsvYMhdT5MS0pXRNmtMxfe3Bf/TZxMeezadLcOfSdYbeshQ8t41UdVsU1xvUvRA0fmbAcipXgNmwC14ACg==",
      "cpu": [
        "arm64"
      ],
      "optional": true,
      "os": [
        "win32"
      ],
      "engines": {
        "node": ">=10"
      }
    },
    "node_modules/@swc/core-win32-ia32-msvc": {
      "version": "1.2.135",
      "resolved": "https://registry.npmjs.org/@swc/core-win32-ia32-msvc/-/core-win32-ia32-msvc-1.2.135.tgz",
      "integrity": "sha512-w1XwAGHaFNhhDOQgwy36GB0oXKi/0DKj0mmWol263YehMQic5f+usNF9EGfgFkWf8EnRpdP/oEAXpsDfniBmww==",
      "cpu": [
        "ia32"
      ],
      "optional": true,
      "os": [
        "win32"
      ],
      "engines": {
        "node": ">=10"
      }
    },
    "node_modules/@swc/core-win32-x64-msvc": {
      "version": "1.2.135",
      "resolved": "https://registry.npmjs.org/@swc/core-win32-x64-msvc/-/core-win32-x64-msvc-1.2.135.tgz",
      "integrity": "sha512-hGSoHDbq7mGGb5gg1hTtzxXiqrhmEO02/oAVqSVTX7zsOnVSu9hBxim72R4a8/hqGaCGDIfeXmibwvhcYzrwfg==",
      "cpu": [
        "x64"
      ],
      "optional": true,
      "os": [
        "win32"
      ],
      "engines": {
        "node": ">=10"
      }
    },
    "node_modules/typescript": {
      "version": "4.5.5",
      "resolved": "https://registry.npmjs.org/typescript/-/typescript-4.5.5.tgz",
      "integrity": "sha512-TCTIul70LyWe6IJWT8QSYeA54WQe8EjQFU4wY52Fasj5UKx88LNYKCgBEHcOMOrFF1rKGbD8v/xcNWVUq9SymA==",
      "dev": true,
      "bin": {
        "tsc": "bin/tsc",
        "tsserver": "bin/tsserver"
      },
      "engines": {
        "node": ">=4.2.0"
      }
    }
  },
  "dependencies": {
    "@swc/core": {
      "version": "1.2.135",
      "resolved": "https://registry.npmjs.org/@swc/core/-/core-1.2.135.tgz",
      "integrity": "sha512-YaltU0YygEo+pmy28GIEuHgTIKP5mzUXbgathdU2AoKytM+rNTP6QtJLewUgK86CZuu1nDpH42srhgXWIUWz2g==",
      "requires": {
        "@swc/core-android-arm-eabi": "1.2.135",
        "@swc/core-android-arm64": "1.2.135",
        "@swc/core-darwin-arm64": "1.2.135",
        "@swc/core-darwin-x64": "1.2.135",
        "@swc/core-freebsd-x64": "1.2.135",
        "@swc/core-linux-arm-gnueabihf": "1.2.135",
        "@swc/core-linux-arm64-gnu": "1.2.135",
        "@swc/core-linux-arm64-musl": "1.2.135",
        "@swc/core-linux-x64-gnu": "1.2.135",
        "@swc/core-linux-x64-musl": "1.2.135",
        "@swc/core-win32-arm64-msvc": "1.2.135",
        "@swc/core-win32-ia32-msvc": "1.2.135",
        "@swc/core-win32-x64-msvc": "1.2.135"
      }
    },
    "@swc/core-android-arm-eabi": {
      "version": "1.2.135",
      "resolved": "https://registry.npmjs.org/@swc/core-android-arm-eabi/-/core-android-arm-eabi-1.2.135.tgz",
      "integrity": "sha512-Qx5PXLzedOVSWHIY88iTxEa6m5RONs7bDIF05mNH1qaXsOkBD52MZ+mFDW6uGZ2OnOuMjD2OY08877429atBgA==",
      "optional": true
    },
    "@swc/core-android-arm64": {
      "version": "1.2.135",
      "resolved": "https://registry.npmjs.org/@swc/core-android-arm64/-/core-android-arm64-1.2.135.tgz",
      "integrity": "sha512-XeZN9Efr44hGPOnHnrcNvdYU0Yn1UQOgR1LReS19aFJT7vWdI6Boe900V22J2K2ccJaOYqmic9BR6kRtDO7gGg==",
      "optional": true
    },
    "@swc/core-darwin-arm64": {
      "version": "1.2.135",
      "resolved": "https://registry.npmjs.org/@swc/core-darwin-arm64/-/core-darwin-arm64-1.2.135.tgz",
      "integrity": "sha512-2DSs8IuGbu86B+ENnJVTAtn57HU4KSw9FJTGQfA+5IWBuUHJgpANcfQ3Xp19MtolfLW+Z4Xy8HCvdFljiQONRQ==",
      "optional": true
    },
    "@swc/core-darwin-x64": {
      "version": "1.2.135",
      "resolved": "https://registry.npmjs.org/@swc/core-darwin-x64/-/core-darwin-x64-1.2.135.tgz",
      "integrity": "sha512-nS32iLbaW7g6ILlvWCZp1pwfLSndDGragsFcuw9xo6KR58KeDNdG54GQ6CwugqWiCEgzD+ZCvYmfcTjlgGJt/Q==",
      "optional": true
    },
    "@swc/core-freebsd-x64": {
      "version": "1.2.135",
      "resolved": "https://registry.npmjs.org/@swc/core-freebsd-x64/-/core-freebsd-x64-1.2.135.tgz",
      "integrity": "sha512-8tM7eOFsOT7bNlx1u0GoldopMVigPM9sLzKfwdRm4doDsE/DeUXumQI2mb8JTqzHpcjYxEiFBaNy8L7wf8wAEQ==",
      "optional": true
    },
    "@swc/core-linux-arm-gnueabihf": {
      "version": "1.2.135",
      "resolved": "https://registry.npmjs.org/@swc/core-linux-arm-gnueabihf/-/core-linux-arm-gnueabihf-1.2.135.tgz",
      "integrity": "sha512-sppILSuR/HClz9mzZuxziAH7/QSUSgM3gSxGKlXzC8AItcBZFJ/7ygqg0TjCFFcQ+n0BdNltUIMztdv+5qwRSg==",
      "optional": true
    },
    "@swc/core-linux-arm64-gnu": {
      "version": "1.2.135",
      "resolved": "https://registry.npmjs.org/@swc/core-linux-arm64-gnu/-/core-linux-arm64-gnu-1.2.135.tgz",
      "integrity": "sha512-inu6jZCHiHw+3kSvmBRGUIDLMi/XFsIyMOue3QJReOuL5BTIQJ/I1oYhLsaSGcmEZM2Mo7QJ2jDBB3SjM5YzeA==",
      "optional": true
    },
    "@swc/core-linux-arm64-musl": {
      "version": "1.2.135",
      "resolved": "https://registry.npmjs.org/@swc/core-linux-arm64-musl/-/core-linux-arm64-musl-1.2.135.tgz",
      "integrity": "sha512-hPGetFUhez77OUgig1XmNHZbUmpKGt72u9cN0AX5NtmFdfYYu4p6l+6YB6jg6/TrPmyJlJD5vroVz8JR/pZS+w==",
      "optional": true
    },
    "@swc/core-linux-x64-gnu": {
      "version": "1.2.135",
      "resolved": "https://registry.npmjs.org/@swc/core-linux-x64-gnu/-/core-linux-x64-gnu-1.2.135.tgz",
      "integrity": "sha512-PTEzzMWvUaXI/sInu8oPo7yYj2WPgfl4QL3wo2OEEKwE27xFjUmKv80pXGIFD9/Xn33Xz8cA0d8yGTWYD+tOIg==",
      "optional": true
    },
    "@swc/core-linux-x64-musl": {
      "version": "1.2.135",
      "resolved": "https://registry.npmjs.org/@swc/core-linux-x64-musl/-/core-linux-x64-musl-1.2.135.tgz",
      "integrity": "sha512-6zqf/1x1QYIhYFIPRRo5ArHIvWVWfH8fuRE6AwL1nQz/Y19SAJx3PXgwlAjtu4CZfciuUqY99PeFtTOu1Dnjhg==",
      "optional": true
    },
    "@swc/core-win32-arm64-msvc": {
      "version": "1.2.135",
      "resolved": "https://registry.npmjs.org/@swc/core-win32-arm64-msvc/-/core-win32-arm64-msvc-1.2.135.tgz",
      "integrity": "sha512-vEMQSsvYMhdT5MS0pXRNmtMxfe3Bf/TZxMeezadLcOfSdYbeshQ8t41UdVsU1xvUvRA0fmbAcipXgNmwC14ACg==",
      "optional": true
    },
    "@swc/core-win32-ia32-msvc": {
      "version": "1.2.135",
      "resolved": "https://registry.npmjs.org/@swc/core-win32-ia32-msvc/-/core-win32-ia32-msvc-1.2.135.tgz",
      "integrity": "sha512-w1XwAGHaFNhhDOQgwy36GB0oXKi/0DKj0mmWol263YehMQic5f+usNF9EGfgFkWf8EnRpdP/oEAXpsDfniBmww==",
      "optional": true
    },
    "@swc/core-win32-x64-msvc": {
      "version": "1.2.135",
      "resolved": "https://registry.npmjs.org/@swc/core-win32-x64-msvc/-/core-win32-x64-msvc-1.2.135.tgz",
      "integrity": "sha512-hGSoHDbq7mGGb5gg1hTtzxXiqrhmEO02/oAVqSVTX7zsOnVSu9hBxim72R4a8/hqGaCGDIfeXmibwvhcYzrwfg==",
      "optional": true
    },
    "typescript": {
      "version": "4.5.5",
      "resolved": "https://registry.npmjs.org/typescript/-/typescript-4.5.5.tgz",
      "integrity": "sha512-TCTIul70LyWe6IJWT8QSYeA54WQe8EjQFU4wY52Fasj5UKx88LNYKCgBEHcOMOrFF1rKGbD8v/xcNWVUq9SymA==",
      "dev": true
    }
  }
}
